
Microsoft Visual Studio Solution File, Format Version 12.00
# Visual Studio Version 17
VisualStudioVersion = 17.7.34024.191
MinimumVisualStudioVersion = 10.0.40219.1
Project("{FAE04EC0-301F-11D3-BF4B-00C04F79EFBC}") = "PruebaTecnica_DVP_FMGS.API", "PruebaTecnica_DVP_FMGS.API\PruebaTecnica_DVP_FMGS.API.csproj", "{22B7DEA1-D27A-46A2-A00C-4B414EBA3847}"
EndProject
Project("{FAE04EC0-301F-11D3-BF4B-00C04F79EFBC}") = "PruebaTecnica_DVP_FMGS.DA", "PruebaTecnica_DVP_FMGS.DA\PruebaTecnica_DVP_FMGS.DA.csproj", "{C8570959-FC2D-4089-B5AB-926334272C8A}"
EndProject
Project("{FAE04EC0-301F-11D3-BF4B-00C04F79EFBC}") = "PruebaTecnica_DVP_FMGS.WEB", "PruebaTecnica_DVP_FMGS.WEB\PruebaTecnica_DVP_FMGS.WEB.csproj", "{7EC33D06-A8FA-4446-93E5-CA5936B6A3EB}"
EndProject
Project("{FAE04EC0-301F-11D3-BF4B-00C04F79EFBC}") = "PruebaTecnica_DVP_FMGS.DTO", "PruebaTecnica_DVP_FMGS.DTO\PruebaTecnica_DVP_FMGS.DTO.csproj", "{C7F389FD-ADBE-430E-8404-8911B2699F3C}"
EndProject
Global
	GlobalSection(SolutionConfigurationPlatforms) = preSolution
		Debug|Any CPU = Debug|Any CPU
		Release|Any CPU = Release|Any CPU
	EndGlobalSection
	GlobalSection(ProjectConfigurationPlatforms) = postSolution
		{22B7DEA1-D27A-46A2-A00C-4B414EBA3847}.Debug|Any CPU.ActiveCfg = Debug|Any CPU
		{22B7DEA1-D27A-46A2-A00C-4B414EBA3847}.Debug|Any CPU.Build.0 = Debug|Any CPU
		{22B7DEA1-D27A-46A2-A00C-4B414EBA3847}.Release|Any CPU.ActiveCfg = Release|Any CPU
		{22B7DEA1-D27A-46A2-A00C-4B414EBA3847}.Release|Any CPU.Build.0 = Release|Any CPU
		{C8570959-FC2D-4089-B5AB-926334272C8A}.Debug|Any CPU.ActiveCfg = Debug|Any CPU
		{C8570959-FC2D-4089-B5AB-926334272C8A}.Debug|Any CPU.Build.0 = Debug|Any CPU
		{C8570959-FC2D-4089-B5AB-926334272C8A}.Release|Any CPU.ActiveCfg = Release|Any CPU
		{C8570959-FC2D-4089-B5AB-926334272C8A}.Release|Any CPU.Build.0 = Release|Any CPU
		{7EC33D06-A8FA-4446-93E5-CA5936B6A3EB}.Debug|Any CPU.ActiveCfg = Debug|Any CPU
		{7EC33D06-A8FA-4446-93E5-CA5936B6A3EB}.Debug|Any CPU.Build.0 = Debug|Any CPU
		{7EC33D06-A8FA-4446-93E5-CA5936B6A3EB}.Release|Any CPU.ActiveCfg = Release|Any CPU
		{7EC33D06-A8FA-4446-93E5-CA5936B6A3EB}.Release|Any CPU.Build.0 = Release|Any CPU
		{C7F389FD-ADBE-430E-8404-8911B2699F3C}.Debug|Any CPU.ActiveCfg = Debug|Any CPU
		{C7F389FD-ADBE-430E-8404-8911B2699F3C}.Debug|Any CPU.Build.0 = Debug|Any CPU
		{C7F389FD-ADBE-430E-8404-8911B2699F3C}.Release|Any CPU.ActiveCfg = Release|Any CPU
		{C7F389FD-ADBE-430E-8404-8911B2699F3C}.Release|Any CPU.Build.0 = Release|Any CPU
	EndGlobalSection
	GlobalSection(SolutionProperties) = preSolution
		HideSolutionNode = FALSE
	EndGlobalSection
	GlobalSection(ExtensibilityGlobals) = postSolution
		SolutionGuid = {C8E80C8E-3DAD-4768-8A53-33A51993624D}
	EndGlobalSection
EndGlobal
